
Microsoft Visual Studio Solution File, Format Version 12.00
# Visual Studio Version 17
VisualStudioVersion = 17.5.33530.505
MinimumVisualStudioVersion = 10.0.40219.1
Project("{FAE04EC0-301F-11D3-BF4B-00C04F79EFBC}") = "PracticalWork5", "PracticalWork5.csproj", "{C8C2FB5B-4961-4438-B7C5-C31E60F47395}"
EndProject
Global
	GlobalSection(SolutionConfigurationPlatforms) = preSolution
		Debug|Any CPU = Debug|Any CPU
		Release|Any CPU = Release|Any CPU
	EndGlobalSection
	GlobalSection(ProjectConfigurationPlatforms) = postSolution
		{C8C2FB5B-4961-4438-B7C5-C31E60F47395}.Debug|Any CPU.ActiveCfg = Debug|Any CPU
		{C8C2FB5B-4961-4438-B7C5-C31E60F47395}.Debug|Any CPU.Build.0 = Debug|Any CPU
		{C8C2FB5B-4961-4438-B7C5-C31E60F47395}.Release|Any CPU.ActiveCfg = Release|Any CPU
		{C8C2FB5B-4961-4438-B7C5-C31E60F47395}.Release|Any CPU.Build.0 = Release|Any CPU
	EndGlobalSection
	GlobalSection(SolutionProperties) = preSolution
		HideSolutionNode = FALSE
	EndGlobalSection
	GlobalSection(ExtensibilityGlobals) = postSolution
		SolutionGuid = {51F0EF7E-6090-4E4F-A517-57447689AA30}
	EndGlobalSection
EndGlobal
